dependencies:
  espressif/mdns:
    component_hash: e81ca7a7f53ea34e78274df054da692c272e1315572876b237b1748e267c013b
    source:
      service_url: https://api.components.espressif.com/
      type: service
    version: 1.11.3
  idf:
    component_hash: null
    source:
      type: idf
    version: 5.2.1
manifest_hash: 8c50be2dc67c8b1e0610c6c0ba205b36f5018e22e2d6eeaa016b4d5f8eb67c78
target: esp32
version: 1.0.0
